
Microsoft Visual Studio Solution File, Format Version 12.00
# Visual Studio Version 17
VisualStudioVersion = 17.4.32804.182
MinimumVisualStudioVersion = 10.0.40219.1
Project("{FAE04EC0-301F-11D3-BF4B-00C04F79EFBC}") = "dapr.microservice.webapi", "dapr.microservice.webapi\dapr.microservice.webapi.csproj", "{0D53ADEF-A9C2-4542-8D2B-EB3732F8E80F}"
EndProject
Project("{FAE04EC0-301F-11D3-BF4B-00C04F79EFBC}") = "ApiClientProgram", "ApiClientProgram\ApiClientProgram.csproj", "{4B86687B-470A-44DF-93AA-0A8C6D96EECD}"
EndProject
Global
	GlobalSection(SolutionConfigurationPlatforms) = preSolution
		Debug|Any CPU = Debug|Any CPU
		Release|Any CPU = Release|Any CPU
	EndGlobalSection
	GlobalSection(ProjectConfigurationPlatforms) = postSolution
		{0D53ADEF-A9C2-4542-8D2B-EB3732F8E80F}.Debug|Any CPU.ActiveCfg = Debug|Any CPU
		{0D53ADEF-A9C2-4542-8D2B-EB3732F8E80F}.Debug|Any CPU.Build.0 = Debug|Any CPU
		{0D53ADEF-A9C2-4542-8D2B-EB3732F8E80F}.Release|Any CPU.ActiveCfg = Release|Any CPU
		{0D53ADEF-A9C2-4542-8D2B-EB3732F8E80F}.Release|Any CPU.Build.0 = Release|Any CPU
		{4B86687B-470A-44DF-93AA-0A8C6D96EECD}.Debug|Any CPU.ActiveCfg = Debug|Any CPU
		{4B86687B-470A-44DF-93AA-0A8C6D96EECD}.Debug|Any CPU.Build.0 = Debug|Any CPU
		{4B86687B-470A-44DF-93AA-0A8C6D96EECD}.Release|Any CPU.ActiveCfg = Release|Any CPU
		{4B86687B-470A-44DF-93AA-0A8C6D96EECD}.Release|Any CPU.Build.0 = Release|Any CPU
	EndGlobalSection
	GlobalSection(SolutionProperties) = preSolution
		HideSolutionNode = FALSE
	EndGlobalSection
	GlobalSection(ExtensibilityGlobals) = postSolution
		SolutionGuid = {9C06171E-55C2-487E-9E22-E6043D0149AE}
	EndGlobalSection
EndGlobal
